<Solution>
  <Folder Name="/src/">
    <Project Path="src/NetAndroid.Device/NetAndroid.Device.csproj" />
    <Project Path="src/NetAndroidDebugger.Core/NetAndroidDebugger.Core.csproj" />
    <Project Path="src/NetAndroidDebugger.Mcp/NetAndroidDebugger.Mcp.csproj" />
    <Project Path="src/NetAndroidDebugger.Dap/NetAndroidDebugger.Dap.csproj" />
  </Folder>
  <Folder Name="/tests/">
    <Project Path="tests/NetAndroid.Device.Tests/NetAndroid.Device.Tests.csproj" />
    <Project Path="tests/NetAndroidDebugger.Tests/NetAndroidDebugger.Tests.csproj" />
  </Folder>
  <Folder Name="/DevTools/">
    <Project Path="DevTools/SdbProbe/SdbProbe.csproj" />
    <Project Path="DevTools/DapSmoke/DapSmoke.csproj" />
  </Folder>
  <Folder Name="/ThirdParty/">
    <Project Path="ThirdParty/debugger-libs/Mono.Debugger.Soft/Mono.Debugger.Soft.csproj" />
    <Project Path="ThirdParty/debugger-libs/Mono.Debugging/Mono.Debugging.csproj" />
    <Project Path="ThirdParty/debugger-libs/Mono.Debugging.Soft/Mono.Debugging.Soft.csproj" />
  </Folder>
</Solution>
